
Microsoft Visual Studio Solution File, Format Version 12.00
# Visual Studio Version 16
VisualStudioVersion = 16.0.29613.14
MinimumVisualStudioVersion = 10.0.40219.1
Project("{9A19103F-16F7-4668-BE54-9A1E7A4F7556}") = "PizzaSquare.Web", "PizzaSquare.Web\PizzaSquare.Web.csproj", "{90D4FCCF-EB6E-4436-B019-A472EF28AB72}"
EndProject
Project("{9A19103F-16F7-4668-BE54-9A1E7A4F7556}") = "PizzaSquare.Lib", "PizzaSquare.Lib\PizzaSquare.Lib.csproj", "{A6BBDFFA-3103-442E-AD0A-72E5E70E71C7}"
EndProject
Project("{9A19103F-16F7-4668-BE54-9A1E7A4F7556}") = "PizzaSquare.Data", "PizzaSquare.Data\PizzaSquare.Data.csproj", "{79160E4C-0981-4829-907D-1DDFB78102A2}"
EndProject
Project("{FAE04EC0-301F-11D3-BF4B-00C04F79EFBC}") = "PizzaSquare.Test", "PizzaSquare.Test\PizzaSquare.Test.csproj", "{C804DE81-8AAF-455C-B9ED-9AA42C2656C0}"
EndProject
Global
	GlobalSection(SolutionConfigurationPlatforms) = preSolution
		Debug|Any CPU = Debug|Any CPU
		Release|Any CPU = Release|Any CPU
	EndGlobalSection
	GlobalSection(ProjectConfigurationPlatforms) = postSolution
		{90D4FCCF-EB6E-4436-B019-A472EF28AB72}.Debug|Any CPU.ActiveCfg = Debug|Any CPU
		{90D4FCCF-EB6E-4436-B019-A472EF28AB72}.Debug|Any CPU.Build.0 = Debug|Any CPU
		{90D4FCCF-EB6E-4436-B019-A472EF28AB72}.Release|Any CPU.ActiveCfg = Release|Any CPU
		{90D4FCCF-EB6E-4436-B019-A472EF28AB72}.Release|Any CPU.Build.0 = Release|Any CPU
		{A6BBDFFA-3103-442E-AD0A-72E5E70E71C7}.Debug|Any CPU.ActiveCfg = Debug|Any CPU
		{A6BBDFFA-3103-442E-AD0A-72E5E70E71C7}.Debug|Any CPU.Build.0 = Debug|Any CPU
		{A6BBDFFA-3103-442E-AD0A-72E5E70E71C7}.Release|Any CPU.ActiveCfg = Release|Any CPU
		{A6BBDFFA-3103-442E-AD0A-72E5E70E71C7}.Release|Any CPU.Build.0 = Release|Any CPU
		{79160E4C-0981-4829-907D-1DDFB78102A2}.Debug|Any CPU.ActiveCfg = Debug|Any CPU
		{79160E4C-0981-4829-907D-1DDFB78102A2}.Debug|Any CPU.Build.0 = Debug|Any CPU
		{79160E4C-0981-4829-907D-1DDFB78102A2}.Release|Any CPU.ActiveCfg = Release|Any CPU
		{79160E4C-0981-4829-907D-1DDFB78102A2}.Release|Any CPU.Build.0 = Release|Any CPU
		{C804DE81-8AAF-455C-B9ED-9AA42C2656C0}.Debug|Any CPU.ActiveCfg = Debug|Any CPU
		{C804DE81-8AAF-455C-B9ED-9AA42C2656C0}.Debug|Any CPU.Build.0 = Debug|Any CPU
		{C804DE81-8AAF-455C-B9ED-9AA42C2656C0}.Release|Any CPU.ActiveCfg = Release|Any CPU
		{C804DE81-8AAF-455C-B9ED-9AA42C2656C0}.Release|Any CPU.Build.0 = Release|Any CPU
	EndGlobalSection
	GlobalSection(SolutionProperties) = preSolution
		HideSolutionNode = FALSE
	EndGlobalSection
	GlobalSection(ExtensibilityGlobals) = postSolution
		SolutionGuid = {CF3D5E2D-5F65-459A-B6DC-1A58EC659BF1}
	EndGlobalSection
EndGlobal
